{
  "requires": true,
  "lockfileVersion": 1,
  "dependencies": {
    "angular-modal-service": {
      "version": "0.12.3",
      "resolved": "https://registry.npmjs.org/angular-modal-service/-/angular-modal-service-0.12.3.tgz",
      "integrity": "sha512-CLQsvPrIlp6s60heWv4CGbQqlLC+Ye9RduM9holhOVk+zx1QfbpY6fBa/ExwXko9vV63DVdHkTUh3AEUakqEdw=="
    }
  }
}
